// !$*UTF8*$!
{
	archiveVersion = 1;
	classes = {
	};
	objectVersion = 46;
	objects = {

/* Begin PBXAggregateTarget section */
		44F2D85A1831703C0021747D /* Provisioning (Install) */ = {
			isa = PBXAggregateTarget;
			buildConfigurationList = 44F2D85B1831703C0021747D /* Build configuration list for PBXAggregateTarget "Provisioning (Install)" */;
			buildPhases = (
				44F2D864183170CF0021747D /* Install Quick Look plug-in */,
			);
			dependencies = (
				44105DC718317CD600760FE2 /* PBXTargetDependency */,
			);
			name = "Provisioning (Install)";
			productName = "Provisioning (Install)";
		};
		44FB5C3C1831C6B500AD6BC6 /* Distribution_GitHub */ = {
			isa = PBXAggregateTarget;
			buildConfigurationList = 44FB5C3F1831C6B500AD6BC6 /* Build configuration list for PBXAggregateTarget "Distribution_GitHub" */;
			buildPhases = (
				44FB5C421831C6CA00AD6BC6 /* Package Release */,
			);
			dependencies = (
				44FB5C411831C6BF00AD6BC6 /* PBXTargetDependency */,
			);
			name = Distribution_GitHub;
			productName = "Provisioning (Release)";
		};
/* End PBXAggregateTarget section */

/* Begin PBXBuildFile section */
		44707D621820208F0005B2C6 /* QuickLook.framework in Frameworks */ = {isa = PBXBuildFile; fileRef = 44707D611820208F0005B2C6 /* QuickLook.framework */; };
		44707D641820208F0005B2C6 /* ApplicationServices.framework in Frameworks */ = {isa = PBXBuildFile; fileRef = 44707D631820208F0005B2C6 /* ApplicationServices.framework */; };
		44707D661820208F0005B2C6 /* CoreServices.framework in Frameworks */ = {isa = PBXBuildFile; fileRef = 44707D651820208F0005B2C6 /* CoreServices.framework */; };
		44707D681820208F0005B2C6 /* CoreFoundation.framework in Frameworks */ = {isa = PBXBuildFile; fileRef = 44707D671820208F0005B2C6 /* CoreFoundation.framework */; };
		44707D6E1820208F0005B2C6 /* InfoPlist.strings in Resources */ = {isa = PBXBuildFile; fileRef = 44707D6C1820208F0005B2C6 /* InfoPlist.strings */; };
		44707D701820208F0005B2C6 /* GenerateThumbnailForURL.m in Sources */ = {isa = PBXBuildFile; fileRef = 44707D6F1820208F0005B2C6 /* GenerateThumbnailForURL.m */; };
		44707D721820208F0005B2C6 /* GeneratePreviewForURL.m in Sources */ = {isa = PBXBuildFile; fileRef = 44707D711820208F0005B2C6 /* GeneratePreviewForURL.m */; };
		44707D741820208F0005B2C6 /* main.c in Sources */ = {isa = PBXBuildFile; fileRef = 44707D731820208F0005B2C6 /* main.c */; };
		44707D7C1820219E0005B2C6 /* AppKit.framework in Frameworks */ = {isa = PBXBuildFile; fileRef = 44707D7B1820219E0005B2C6 /* AppKit.framework */; };
		44707D7E182021A90005B2C6 /* Security.framework in Frameworks */ = {isa = PBXBuildFile; fileRef = 44707D7D182021A90005B2C6 /* Security.framework */; };
		44707D8418205A7C0005B2C6 /* template.html in Resources */ = {isa = PBXBuildFile; fileRef = 44707D8318205A7C0005B2C6 /* template.html */; };
		44707DC61823198A0005B2C6 /* Read Me.rtf in Resources */ = {isa = PBXBuildFile; fileRef = 44707DC51823198A0005B2C6 /* Read Me.rtf */; };
/* End PBXBuildFile section */

/* Begin PBXContainerItemProxy section */
		44105DC618317CD600760FE2 /* PBXContainerItemProxy */ = {
			isa = PBXContainerItemProxy;
			containerPortal = 44707D541820208F0005B2C6 /* Project object */;
			proxyType = 1;
			remoteGlobalIDString = 44707D5D1820208F0005B2C6;
			remoteInfo = Provisioning;
		};
		44FB5C401831C6BF00AD6BC6 /* PBXContainerItemProxy */ = {
			isa = PBXContainerItemProxy;
			containerPortal = 44707D541820208F0005B2C6 /* Project object */;
			proxyType = 1;
			remoteGlobalIDString = 44707D5D1820208F0005B2C6;
			remoteInfo = Provisioning;
		};
/* End PBXContainerItemProxy section */

/* Begin PBXFileReference section */
		44707D5E1820208F0005B2C6 /* Provisioning.qlgenerator */ = {isa = PBXFileReference; explicitFileType = wrapper.cfbundle; includeInIndex = 0; path = Provisioning.qlgenerator; sourceTree = BUILT_PRODUCTS_DIR; };
		44707D611820208F0005B2C6 /* QuickLook.framework */ = {isa = PBXFileReference; lastKnownFileType = wrapper.framework; name = QuickLook.framework; path = System/Library/Frameworks/QuickLook.framework; sourceTree = SDKROOT; };
		44707D631820208F0005B2C6 /* ApplicationServices.framework */ = {isa = PBXFileReference; lastKnownFileType = wrapper.framework; name = ApplicationServices.framework; path = System/Library/Frameworks/ApplicationServices.framework; sourceTree = SDKROOT; };
		44707D651820208F0005B2C6 /* CoreServices.framework */ = {isa = PBXFileReference; lastKnownFileType = wrapper.framework; name = CoreServices.framework; path = System/Library/Frameworks/CoreServices.framework; sourceTree = SDKROOT; };
		44707D671820208F0005B2C6 /* CoreFoundation.framework */ = {isa = PBXFileReference; lastKnownFileType = wrapper.framework; name = CoreFoundation.framework; path = System/Library/Frameworks/CoreFoundation.framework; sourceTree = SDKROOT; };
		44707D6B1820208F0005B2C6 /* Provisioning-Info.plist */ = {isa = PBXFileReference; lastKnownFileType = text.plist.xml; path = "Provisioning-Info.plist"; sourceTree = "<group>"; };
		44707D6D1820208F0005B2C6 /* en */ = {isa = PBXFileReference; lastKnownFileType = text.plist.strings; name = en; path = en.lproj/InfoPlist.strings; sourceTree = "<group>"; };
		44707D6F1820208F0005B2C6 /* GenerateThumbnailForURL.m */ = {isa = PBXFileReference; lastKnownFileType = sourcecode.c.objc; path = GenerateThumbnailForURL.m; sourceTree = "<group>"; };
		44707D711820208F0005B2C6 /* GeneratePreviewForURL.m */ = {isa = PBXFileReference; lastKnownFileType = sourcecode.c.objc; path = GeneratePreviewForURL.m; sourceTree = "<group>"; };
		44707D731820208F0005B2C6 /* main.c */ = {isa = PBXFileReference; lastKnownFileType = sourcecode.c.c; path = main.c; sourceTree = "<group>"; };
		44707D751820208F0005B2C6 /* Provisioning-Prefix.pch */ = {isa = PBXFileReference; lastKnownFileType = sourcecode.c.h; path = "Provisioning-Prefix.pch"; sourceTree = "<group>"; };
		44707D7B1820219E0005B2C6 /* AppKit.framework */ = {isa = PBXFileReference; lastKnownFileType = wrapper.framework; name = AppKit.framework; path = System/Library/Frameworks/AppKit.framework; sourceTree = SDKROOT; };
		44707D7D182021A90005B2C6 /* Security.framework */ = {isa = PBXFileReference; lastKnownFileType = wrapper.framework; name = Security.framework; path = System/Library/Frameworks/Security.framework; sourceTree = SDKROOT; };
		44707D8218202BEA0005B2C6 /* README.md */ = {isa = PBXFileReference; lastKnownFileType = text; path = README.md; sourceTree = "<group>"; };
		44707D8318205A7C0005B2C6 /* template.html */ = {isa = PBXFileReference; fileEncoding = 4; lastKnownFileType = text.html; path = template.html; sourceTree = "<group>"; };
		44707DC51823198A0005B2C6 /* Read Me.rtf */ = {isa = PBXFileReference; fileEncoding = 4; lastKnownFileType = text.rtf; path = "Read Me.rtf"; sourceTree = "<group>"; };
/* End PBXFileReference section */

/* Begin PBXFrameworksBuildPhase section */
		44707D591820208F0005B2C6 /* Frameworks */ = {
			isa = PBXFrameworksBuildPhase;
			buildActionMask = 2147483647;
			files = (
				44707D7C1820219E0005B2C6 /* AppKit.framework in Frameworks */,
				44707D7E182021A90005B2C6 /* Security.framework in Frameworks */,
				44707D681820208F0005B2C6 /* CoreFoundation.framework in Frameworks */,
				44707D621820208F0005B2C6 /* QuickLook.framework in Frameworks */,
				44707D661820208F0005B2C6 /* CoreServices.framework in Frameworks */,
				44707D641820208F0005B2C6 /* ApplicationServices.framework in Frameworks */,
			);
			runOnlyForDeploymentPostprocessing = 0;
		};
/* End PBXFrameworksBuildPhase section */

/* Begin PBXGroup section */
		44707D531820208F0005B2C6 = {
			isa = PBXGroup;
			children = (
				44707D8218202BEA0005B2C6 /* README.md */,
				44707DC51823198A0005B2C6 /* Read Me.rtf */,
				44707D691820208F0005B2C6 /* Provisioning */,
				44707D601820208F0005B2C6 /* Frameworks */,
				44707D5F1820208F0005B2C6 /* Products */,
			);
			sourceTree = "<group>";
		};
		44707D5F1820208F0005B2C6 /* Products */ = {
			isa = PBXGroup;
			children = (
				44707D5E1820208F0005B2C6 /* Provisioning.qlgenerator */,
			);
			name = Products;
			sourceTree = "<group>";
		};
		44707D601820208F0005B2C6 /* Frameworks */ = {
			isa = PBXGroup;
			children = (
				44707D7D182021A90005B2C6 /* Security.framework */,
				44707D7B1820219E0005B2C6 /* AppKit.framework */,
				44707D611820208F0005B2C6 /* QuickLook.framework */,
				44707D631820208F0005B2C6 /* ApplicationServices.framework */,
				44707D651820208F0005B2C6 /* CoreServices.framework */,
				44707D671820208F0005B2C6 /* CoreFoundation.framework */,
			);
			name = Frameworks;
			sourceTree = "<group>";
		};
		44707D691820208F0005B2C6 /* Provisioning */ = {
			isa = PBXGroup;
			children = (
				44707D6F1820208F0005B2C6 /* GenerateThumbnailForURL.m */,
				44707D711820208F0005B2C6 /* GeneratePreviewForURL.m */,
				44707D731820208F0005B2C6 /* main.c */,
				44707D6A1820208F0005B2C6 /* Supporting Files */,
			);
			path = Provisioning;
			sourceTree = "<group>";
		};
		44707D6A1820208F0005B2C6 /* Supporting Files */ = {
			isa = PBXGroup;
			children = (
				44707D6B1820208F0005B2C6 /* Provisioning-Info.plist */,
				44707D6C1820208F0005B2C6 /* InfoPlist.strings */,
				44707D751820208F0005B2C6 /* Provisioning-Prefix.pch */,
				44707D8318205A7C0005B2C6 /* template.html */,
			);
			name = "Supporting Files";
			sourceTree = "<group>";
		};
/* End PBXGroup section */

/* Begin PBXHeadersBuildPhase section */
		44707D5A1820208F0005B2C6 /* Headers */ = {
			isa = PBXHeadersBuildPhase;
			buildActionMask = 2147483647;
			files = (
			);
			runOnlyForDeploymentPostprocessing = 0;
		};
/* End PBXHeadersBuildPhase section */

/* Begin PBXNativeTarget section */
		44707D5D1820208F0005B2C6 /* Provisioning */ = {
			isa = PBXNativeTarget;
			buildConfigurationList = 44707D781820208F0005B2C6 /* Build configuration list for PBXNativeTarget "Provisioning" */;
			buildPhases = (
				44707D581820208F0005B2C6 /* Sources */,
				44707D591820208F0005B2C6 /* Frameworks */,
				44707D5A1820208F0005B2C6 /* Headers */,
				44707D5B1820208F0005B2C6 /* Resources */,
				44707D5C1820208F0005B2C6 /* Rez */,
			);
			buildRules = (
			);
			dependencies = (
			);
			name = Provisioning;
			productName = Provisioning;
			productReference = 44707D5E1820208F0005B2C6 /* Provisioning.qlgenerator */;
			productType = "com.apple.product-type.bundle";
		};
/* End PBXNativeTarget section */

/* Begin PBXProject section */
		44707D541820208F0005B2C6 /* Project object */ = {
			isa = PBXProject;
			attributes = {
				LastUpgradeCheck = 0500;
				ORGANIZATIONNAME = "The Iconfactory";
			};
			buildConfigurationList = 44707D571820208F0005B2C6 /* Build configuration list for PBXProject "Provisioning" */;
			compatibilityVersion = "Xcode 3.2";
			developmentRegion = English;
			hasScannedForEncodings = 0;
			knownRegions = (
				en,
			);
			mainGroup = 44707D531820208F0005B2C6;
			productRefGroup = 44707D5F1820208F0005B2C6 /* Products */;
			projectDirPath = "";
			projectRoot = "";
			targets = (
				44707D5D1820208F0005B2C6 /* Provisioning */,
				44F2D85A1831703C0021747D /* Provisioning (Install) */,
				44FB5C3C1831C6B500AD6BC6 /* Distribution_GitHub */,
			);
		};
/* End PBXProject section */

/* Begin PBXResourcesBuildPhase section */
		44707D5B1820208F0005B2C6 /* Resources */ = {
			isa = PBXResourcesBuildPhase;
			buildActionMask = 2147483647;
			files = (
				44707DC61823198A0005B2C6 /* Read Me.rtf in Resources */,
				44707D8418205A7C0005B2C6 /* template.html in Resources */,
				44707D6E1820208F0005B2C6 /* InfoPlist.strings in Resources */,
			);
			runOnlyForDeploymentPostprocessing = 0;
		};
/* End PBXResourcesBuildPhase section */

/* Begin PBXRezBuildPhase section */
		44707D5C1820208F0005B2C6 /* Rez */ = {
			isa = PBXRezBuildPhase;
			buildActionMask = 2147483647;
			files = (
			);
			runOnlyForDeploymentPostprocessing = 0;
		};
/* End PBXRezBuildPhase section */

/* Begin PBXShellScriptBuildPhase section */
		44F2D864183170CF0021747D /* Install Quick Look plug-in */ = {
			isa = PBXShellScriptBuildPhase;
			buildActionMask = 2147483647;
			files = (
			);
			inputPaths = (
			);
			name = "Install Quick Look plug-in";
			outputPaths = (
			);
			runOnlyForDeploymentPostprocessing = 0;
			shellPath = /bin/sh;
			shellScript = "echo \"Copying $BUILT_PRODUCTS_DIR/Provisioning.qlgenerator to QuickLook folder...\"\n\nGENERATOR=\"Provisioning.qlgenerator\"\nQUICKLOOK_ROOT=\"$HOME/Library/QuickLook\"\n\nmkdir -p \"$QUICKLOOK_ROOT\"\nrm -rf \"$QUICKLOOK_ROOT/$GENERATOR\"\nqlmanage -r\n\ncp -R \"$BUILT_PRODUCTS_DIR/$GENERATOR\" \"$QUICKLOOK_ROOT\"\nqlmanage -r\n";
		};
		44FB5C421831C6CA00AD6BC6 /* Package Release */ = {
			isa = PBXShellScriptBuildPhase;
			buildActionMask = 2147483647;
			files = (
			);
			inputPaths = (
			);
			name = "Package Release";
			outputPaths = (
			);
			runOnlyForDeploymentPostprocessing = 0;
			shellPath = /bin/sh;
			shellScript = "set -o errexit\n\n[ $CONFIGURATION = Release ] || { echo Distribution target requires \"'Release'\" configuration; false; }\n\nPRODUCT=\"$PRODUCT_NAME.qlgenerator\"\nVERSION=$(defaults read \"$BUILT_PRODUCTS_DIR/$PRODUCT/Contents/Info\" CFBundleVersion)\n\nARCHIVE_FILENAME=\"$PRODUCT_NAME-$VERSION.zip\"\nARCHIVE_FOLDER=\"$PRODUCT_NAME-$VERSION\"\n\nWD=$PWD\ncd \"$BUILT_PRODUCTS_DIR\"\nmkdir \"$ARCHIVE_FOLDER\"\ncp \"$PROJECT_DIR/Read Me.rtf\" \"$ARCHIVE_FOLDER\"\ncp -R \"$PRODUCT\" \"$ARCHIVE_FOLDER\"\n\nrm -f \"$PRODUCT_NAME\"*.zip\nditto -ck --keepParent \"$ARCHIVE_FOLDER\" \"$ARCHIVE_FILENAME\"\n\nrm -rf \"$ARCHIVE_FOLDER\"\n";
		};
/* End PBXShellScriptBuildPhase section */

/* Begin PBXSourcesBuildPhase section */
		44707D581820208F0005B2C6 /* Sources */ = {
			isa = PBXSourcesBuildPhase;
			buildActionMask = 2147483647;
			files = (
				44707D701820208F0005B2C6 /* GenerateThumbnailForURL.m in Sources */,
				44707D721820208F0005B2C6 /* GeneratePreviewForURL.m in Sources */,
				44707D741820208F0005B2C6 /* main.c in Sources */,
			);
			runOnlyForDeploymentPostprocessing = 0;
		};
/* End PBXSourcesBuildPhase section */

/* Begin PBXTargetDependency section */
		44105DC718317CD600760FE2 /* PBXTargetDependency */ = {
			isa = PBXTargetDependency;
			target = 44707D5D1820208F0005B2C6 /* Provisioning */;
			targetProxy = 44105DC618317CD600760FE2 /* PBXContainerItemProxy */;
		};
		44FB5C411831C6BF00AD6BC6 /* PBXTargetDependency */ = {
			isa = PBXTargetDependency;
			target = 44707D5D1820208F0005B2C6 /* Provisioning */;
			targetProxy = 44FB5C401831C6BF00AD6BC6 /* PBXContainerItemProxy */;
		};
/* End PBXTargetDependency section */

/* Begin PBXVariantGroup section */
		44707D6C1820208F0005B2C6 /* InfoPlist.strings */ = {
			isa = PBXVariantGroup;
			children = (
				44707D6D1820208F0005B2C6 /* en */,
			);
			name = InfoPlist.strings;
			sourceTree = "<group>";
		};
/* End PBXVariantGroup section */

/* Begin XCBuildConfiguration section */
		44707D761820208F0005B2C6 /* Debug */ = {
			isa = XCBuildConfiguration;
			buildSettings = {
				ALWAYS_SEARCH_USER_PATHS = NO;
				CLANG_CXX_LANGUAGE_STANDARD = "gnu++0x";
				CLANG_CXX_LIBRARY = "libc++";
				CLANG_ENABLE_OBJC_ARC = YES;
				CLANG_WARN_BOOL_CONVERSION = YES;
				CLANG_WARN_CONSTANT_CONVERSION = YES;
				CLANG_WARN_DIRECT_OBJC_ISA_USAGE = YES_ERROR;
				CLANG_WARN_EMPTY_BODY = YES;
				CLANG_WARN_ENUM_CONVERSION = YES;
				CLANG_WARN_INT_CONVERSION = YES;
				CLANG_WARN_OBJC_ROOT_CLASS = YES_ERROR;
				CLANG_WARN__DUPLICATE_METHOD_MATCH = YES;
				CODE_SIGN_IDENTITY = "";
				COPY_PHASE_STRIP = NO;
				GCC_C_LANGUAGE_STANDARD = gnu99;
				GCC_DYNAMIC_NO_PIC = NO;
				GCC_ENABLE_OBJC_EXCEPTIONS = YES;
				GCC_OPTIMIZATION_LEVEL = 0;
				GCC_PREPROCESSOR_DEFINITIONS = (
					"DEBUG=1",
					"$(inherited)",
				);
				GCC_SYMBOLS_PRIVATE_EXTERN = NO;
				GCC_WARN_64_TO_32_BIT_CONVERSION = YES;
				GCC_WARN_ABOUT_RETURN_TYPE = YES_ERROR;
				GCC_WARN_UNDECLARED_SELECTOR = YES;
				GCC_WARN_UNINITIALIZED_AUTOS = YES;
				GCC_WARN_UNUSED_FUNCTION = YES;
				GCC_WARN_UNUSED_VARIABLE = YES;
				MACOSX_DEPLOYMENT_TARGET = 10.8;
				ONLY_ACTIVE_ARCH = YES;
				OTHER_CFLAGS = "-DDEBUG";
				SDKROOT = macosx;
			};
			name = Debug;
		};
		44707D771820208F0005B2C6 /* Release */ = {
			isa = XCBuildConfiguration;
			buildSettings = {
				ALWAYS_SEARCH_USER_PATHS = NO;
				CLANG_CXX_LANGUAGE_STANDARD = "gnu++0x";
				CLANG_CXX_LIBRARY = "libc++";
				CLANG_ENABLE_OBJC_ARC = YES;
				CLANG_WARN_BOOL_CONVERSION = YES;
				CLANG_WARN_CONSTANT_CONVERSION = YES;
				CLANG_WARN_DIRECT_OBJC_ISA_USAGE = YES_ERROR;
				CLANG_WARN_EMPTY_BODY = YES;
				CLANG_WARN_ENUM_CONVERSION = YES;
				CLANG_WARN_INT_CONVERSION = YES;
				CLANG_WARN_OBJC_ROOT_CLASS = YES_ERROR;
				CLANG_WARN__DUPLICATE_METHOD_MATCH = YES;
				CODE_SIGN_IDENTITY = "";
				COPY_PHASE_STRIP = YES;
				DEBUG_INFORMATION_FORMAT = "dwarf-with-dsym";
				ENABLE_NS_ASSERTIONS = NO;
				GCC_C_LANGUAGE_STANDARD = gnu99;
				GCC_ENABLE_OBJC_EXCEPTIONS = YES;
				GCC_WARN_64_TO_32_BIT_CONVERSION = YES;
				GCC_WARN_ABOUT_RETURN_TYPE = YES_ERROR;
				GCC_WARN_UNDECLARED_SELECTOR = YES;
				GCC_WARN_UNINITIALIZED_AUTOS = YES;
				GCC_WARN_UNUSED_FUNCTION = YES;
				GCC_WARN_UNUSED_VARIABLE = YES;
				MACOSX_DEPLOYMENT_TARGET = 10.8;
				SDKROOT = macosx;
			};
			name = Release;
		};
		44707D791820208F0005B2C6 /* Debug */ = {
			isa = XCBuildConfiguration;
			buildSettings = {
				COMBINE_HIDPI_IMAGES = YES;
				GCC_PRECOMPILE_PREFIX_HEADER = YES;
				GCC_PREFIX_HEADER = "Provisioning/Provisioning-Prefix.pch";
				INFOPLIST_FILE = "Provisioning/Provisioning-Info.plist";
				INSTALL_PATH = /Library/QuickLook;
				PRODUCT_NAME = "$(TARGET_NAME)";
				WRAPPER_EXTENSION = qlgenerator;
			};
			name = Debug;
		};
		44707D7A1820208F0005B2C6 /* Release */ = {
			isa = XCBuildConfiguration;
			buildSettings = {
				COMBINE_HIDPI_IMAGES = YES;
				GCC_PRECOMPILE_PREFIX_HEADER = YES;
				GCC_PREFIX_HEADER = "Provisioning/Provisioning-Prefix.pch";
				INFOPLIST_FILE = "Provisioning/Provisioning-Info.plist";
				INSTALL_PATH = /Library/QuickLook;
				PRODUCT_NAME = "$(TARGET_NAME)";
				WRAPPER_EXTENSION = qlgenerator;
			};
			name = Release;
		};
		44F2D85C1831703C0021747D /* Debug */ = {
			isa = XCBuildConfiguration;
			buildSettings = {
				PRODUCT_NAME = "$(TARGET_NAME)";
			};
			name = Debug;
		};
		44F2D85D1831703C0021747D /* Release */ = {
			isa = XCBuildConfiguration;
			buildSettings = {
				PRODUCT_NAME = "$(TARGET_NAME)";
			};
			name = Release;
		};
		44FB5C3D1831C6B500AD6BC6 /* Debug */ = {
			isa = XCBuildConfiguration;
			buildSettings = {
				PRODUCT_NAME = Provisioning;
			};
			name = Debug;
		};
		44FB5C3E1831C6B500AD6BC6 /* Release */ = {
			isa = XCBuildConfiguration;
			buildSettings = {
				PRODUCT_NAME = Provisioning;
			};
			name = Release;
		};
/* End XCBuildConfiguration section */

/* Begin XCConfigurationList section */
		44707D571820208F0005B2C6 /* Build configuration list for PBXProject "Provisioning" */ = {
			isa = XCConfigurationList;
			buildConfigurations = (
				44707D761820208F0005B2C6 /* Debug */,
				44707D771820208F0005B2C6 /* Release */,
			);
			defaultConfigurationIsVisible = 0;
			defaultConfigurationName = Release;
		};
		44707D781820208F0005B2C6 /* Build configuration list for PBXNativeTarget "Provisioning" */ = {
			isa = XCConfigurationList;
			buildConfigurations = (
				44707D791820208F0005B2C6 /* Debug */,
				44707D7A1820208F0005B2C6 /* Release */,
			);
			defaultConfigurationIsVisible = 0;
			defaultConfigurationName = Release;
		};
		44F2D85B1831703C0021747D /* Build configuration list for PBXAggregateTarget "Provisioning (Install)" */ = {
			isa = XCConfigurationList;
			buildConfigurations = (
				44F2D85C1831703C0021747D /* Debug */,
				44F2D85D1831703C0021747D /* Release */,
			);
			defaultConfigurationIsVisible = 0;
			defaultConfigurationName = Release;
		};
		44FB5C3F1831C6B500AD6BC6 /* Build configuration list for PBXAggregateTarget "Distribution_GitHub" */ = {
			isa = XCConfigurationList;
			buildConfigurations = (
				44FB5C3D1831C6B500AD6BC6 /* Debug */,
				44FB5C3E1831C6B500AD6BC6 /* Release */,
			);
			defaultConfigurationIsVisible = 0;
			defaultConfigurationName = Release;
		};
/* End XCConfigurationList section */
	};
	rootObject = 44707D541820208F0005B2C6 /* Project object */;
}
